// !$*UTF8*$!
{
	archiveVersion = 1;
	classes = {
	};
	objectVersion = 50;
	objects = {

/* Begin PBXBuildFile section */
		1AA3C897263AA2030041430A /* AppDelegate.swift in Sources */ = {isa = PBXBuildFile; fileRef = 1AA3C896263AA2030041430A /* AppDelegate.swift */; };
		1AA3C89B263AA2030041430A /* QuotesListViewController.swift in Sources */ = {isa = PBXBuildFile; fileRef = 1AA3C89A263AA2030041430A /* QuotesListViewController.swift */; };
		1AA3C8A0263AA2040041430A /* Assets.xcassets in Resources */ = {isa = PBXBuildFile; fileRef = 1AA3C89F263AA2040041430A /* Assets.xcassets */; };
		1AA3C8A3263AA2040041430A /* LaunchScreen.storyboard in Resources */ = {isa = PBXBuildFile; fileRef = 1AA3C8A1263AA2040041430A /* LaunchScreen.storyboard */; };
		1AA3C8B2263AA8360041430A /* DataManager.swift in Sources */ = {isa = PBXBuildFile; fileRef = 1AA3C8B1263AA8360041430A /* DataManager.swift */; };
		1AA3C8B6263AB26C0041430A /* QuoteDetailsViewController.swift in Sources */ = {isa = PBXBuildFile; fileRef = 1AA3C8B5263AB26C0041430A /* QuoteDetailsViewController.swift */; };
		1AA3C8BA263AB2980041430A /* Quote.swift in Sources */ = {isa = PBXBuildFile; fileRef = 1AA3C8B9263AB2980041430A /* Quote.swift */; };
		F583809E2A42D44000280B00 /* URLSessionWrappers.swift in Sources */ = {isa = PBXBuildFile; fileRef = F583809D2A42D44000280B00 /* URLSessionWrappers.swift */; };
		F58380A12A42D6D300280B00 /* URLDataTaskMock.swift in Sources */ = {isa = PBXBuildFile; fileRef = F58380A02A42D6D300280B00 /* URLDataTaskMock.swift */; };
		F58380A32A42D73700280B00 /* URLSessionMock.swift in Sources */ = {isa = PBXBuildFile; fileRef = F58380A22A42D73700280B00 /* URLSessionMock.swift */; };
		F58380A52A42D9B200280B00 /* DataManagerTests.swift in Sources */ = {isa = PBXBuildFile; fileRef = F58380A42A42D9B200280B00 /* DataManagerTests.swift */; };
		F58EAD472A419742006B67F3 /* QuoteTableViewCell.swift in Sources */ = {isa = PBXBuildFile; fileRef = F58EAD462A419742006B67F3 /* QuoteTableViewCell.swift */; };
		F58EAD492A419CB2006B67F3 /* Assets.swift in Sources */ = {isa = PBXBuildFile; fileRef = F58EAD482A419CB2006B67F3 /* Assets.swift */; };
		F58EAD4B2A41B31A006B67F3 /* FavouritesManager.swift in Sources */ = {isa = PBXBuildFile; fileRef = F58EAD4A2A41B31A006B67F3 /* FavouritesManager.swift */; };
		F58EAD722A41D4FB006B67F3 /* PersistantStorage.swift in Sources */ = {isa = PBXBuildFile; fileRef = F58EAD712A41D4FB006B67F3 /* PersistantStorage.swift */; };
		F58EAD782A41D530006B67F3 /* PesistantStorageMock.swift in Sources */ = {isa = PBXBuildFile; fileRef = F58EAD772A41D530006B67F3 /* PesistantStorageMock.swift */; };
		F58EAD7A2A41D537006B67F3 /* FavouritesManagerTests.swift in Sources */ = {isa = PBXBuildFile; fileRef = F58EAD792A41D537006B67F3 /* FavouritesManagerTests.swift */; };
/* End PBXBuildFile section */

/* Begin PBXContainerItemProxy section */
		F58EAD6C2A41D482006B67F3 /* PBXContainerItemProxy */ = {
			isa = PBXContainerItemProxy;
			containerPortal = 1AA3C88B263AA2030041430A /* Project object */;
			proxyType = 1;
			remoteGlobalIDString = 1AA3C892263AA2030041430A;
			remoteInfo = "Technical-test";
		};
/* End PBXContainerItemProxy section */

/* Begin PBXFileReference section */
		1AA3C893263AA2030041430A /* Technical-test.app */ = {isa = PBXFileReference; explicitFileType = wrapper.application; includeInIndex = 0; path = "Technical-test.app"; sourceTree = BUILT_PRODUCTS_DIR; };
		1AA3C896263AA2030041430A /* AppDelegate.swift */ = {isa = PBXFileReference; lastKnownFileType = sourcecode.swift; path = AppDelegate.swift; sourceTree = "<group>"; };
		1AA3C89A263AA2030041430A /* QuotesListViewController.swift */ = {isa = PBXFileReference; lastKnownFileType = sourcecode.swift; path = QuotesListViewController.swift; sourceTree = "<group>"; };
		1AA3C89F263AA2040041430A /* Assets.xcassets */ = {isa = PBXFileReference; lastKnownFileType = folder.assetcatalog; path = Assets.xcassets; sourceTree = "<group>"; };
		1AA3C8A2263AA2040041430A /* Base */ = {isa = PBXFileReference; lastKnownFileType = file.storyboard; name = Base; path = Base.lproj/LaunchScreen.storyboard; sourceTree = "<group>"; };
		1AA3C8A4263AA2040041430A /* Info.plist */ = {isa = PBXFileReference; lastKnownFileType = text.plist.xml; path = Info.plist; sourceTree = "<group>"; };
		1AA3C8B1263AA8360041430A /* DataManager.swift */ = {isa = PBXFileReference; lastKnownFileType = sourcecode.swift; path = DataManager.swift; sourceTree = "<group>"; };
		1AA3C8B5263AB26C0041430A /* QuoteDetailsViewController.swift */ = {isa = PBXFileReference; lastKnownFileType = sourcecode.swift; path = QuoteDetailsViewController.swift; sourceTree = "<group>"; };
		1AA3C8B9263AB2980041430A /* Quote.swift */ = {isa = PBXFileReference; lastKnownFileType = sourcecode.swift; path = Quote.swift; sourceTree = "<group>"; };
		F583809B2A41D72B00280B00 /* Technical-testTests.xctestplan */ = {isa = PBXFileReference; lastKnownFileType = text; name = "Technical-testTests.xctestplan"; path = "Technical-testTests/Technical-testTests.xctestplan"; sourceTree = "<group>"; };
		F583809D2A42D44000280B00 /* URLSessionWrappers.swift */ = {isa = PBXFileReference; lastKnownFileType = sourcecode.swift; path = URLSessionWrappers.swift; sourceTree = "<group>"; };
		F58380A02A42D6D300280B00 /* URLDataTaskMock.swift */ = {isa = PBXFileReference; lastKnownFileType = sourcecode.swift; path = URLDataTaskMock.swift; sourceTree = "<group>"; };
		F58380A22A42D73700280B00 /* URLSessionMock.swift */ = {isa = PBXFileReference; lastKnownFileType = sourcecode.swift; path = URLSessionMock.swift; sourceTree = "<group>"; };
		F58380A42A42D9B200280B00 /* DataManagerTests.swift */ = {isa = PBXFileReference; lastKnownFileType = sourcecode.swift; path = DataManagerTests.swift; sourceTree = "<group>"; };
		F58EAD462A419742006B67F3 /* QuoteTableViewCell.swift */ = {isa = PBXFileReference; lastKnownFileType = sourcecode.swift; path = QuoteTableViewCell.swift; sourceTree = "<group>"; };
		F58EAD482A419CB2006B67F3 /* Assets.swift */ = {isa = PBXFileReference; lastKnownFileType = sourcecode.swift; path = Assets.swift; sourceTree = "<group>"; };
		F58EAD4A2A41B31A006B67F3 /* FavouritesManager.swift */ = {isa = PBXFileReference; lastKnownFileType = sourcecode.swift; path = FavouritesManager.swift; sourceTree = "<group>"; };
		F58EAD682A41D482006B67F3 /* Technical-testTests.xctest */ = {isa = PBXFileReference; explicitFileType = wrapper.cfbundle; includeInIndex = 0; path = "Technical-testTests.xctest"; sourceTree = BUILT_PRODUCTS_DIR; };
		F58EAD712A41D4FB006B67F3 /* PersistantStorage.swift */ = {isa = PBXFileReference; fileEncoding = 4; lastKnownFileType = sourcecode.swift; path = PersistantStorage.swift; sourceTree = "<group>"; };
		F58EAD772A41D530006B67F3 /* PesistantStorageMock.swift */ = {isa = PBXFileReference; fileEncoding = 4; lastKnownFileType = sourcecode.swift; path = PesistantStorageMock.swift; sourceTree = "<group>"; };
		F58EAD792A41D537006B67F3 /* FavouritesManagerTests.swift */ = {isa = PBXFileReference; fileEncoding = 4; lastKnownFileType = sourcecode.swift; path = FavouritesManagerTests.swift; sourceTree = "<group>"; };
/* End PBXFileReference section */

/* Begin PBXFrameworksBuildPhase section */
		1AA3C890263AA2030041430A /* Frameworks */ = {
			isa = PBXFrameworksBuildPhase;
			buildActionMask = 2147483647;
			files = (
			);
			runOnlyForDeploymentPostprocessing = 0;
		};
		F58EAD652A41D482006B67F3 /* Frameworks */ = {
			isa = PBXFrameworksBuildPhase;
			buildActionMask = 2147483647;
			files = (
			);
			runOnlyForDeploymentPostprocessing = 0;
		};
/* End PBXFrameworksBuildPhase section */

/* Begin PBXGroup section */
		1AA3C88A263AA2030041430A = {
			isa = PBXGroup;
			children = (
				F583809B2A41D72B00280B00 /* Technical-testTests.xctestplan */,
				1AA3C895263AA2030041430A /* Technical-test */,
				F58EAD692A41D482006B67F3 /* Technical-testTests */,
				1AA3C894263AA2030041430A /* Products */,
			);
			sourceTree = "<group>";
		};
		1AA3C894263AA2030041430A /* Products */ = {
			isa = PBXGroup;
			children = (
				1AA3C893263AA2030041430A /* Technical-test.app */,
				F58EAD682A41D482006B67F3 /* Technical-testTests.xctest */,
			);
			name = Products;
			sourceTree = "<group>";
		};
		1AA3C895263AA2030041430A /* Technical-test */ = {
			isa = PBXGroup;
			children = (
				1AA3C8B0263AA8220041430A /* Manager */,
				1AA3C8AC263AA2D90041430A /* Model */,
				1AA3C8AB263AA2D10041430A /* View */,
				1AA3C896263AA2030041430A /* AppDelegate.swift */,
				1AA3C89F263AA2040041430A /* Assets.xcassets */,
				F58EAD482A419CB2006B67F3 /* Assets.swift */,
				1AA3C8A1263AA2040041430A /* LaunchScreen.storyboard */,
				1AA3C8A4263AA2040041430A /* Info.plist */,
			);
			path = "Technical-test";
			sourceTree = "<group>";
		};
		1AA3C8AB263AA2D10041430A /* View */ = {
			isa = PBXGroup;
			children = (
				1AA3C89A263AA2030041430A /* QuotesListViewController.swift */,
				F58EAD462A419742006B67F3 /* QuoteTableViewCell.swift */,
				1AA3C8B5263AB26C0041430A /* QuoteDetailsViewController.swift */,
			);
			path = View;
			sourceTree = "<group>";
		};
		1AA3C8AC263AA2D90041430A /* Model */ = {
			isa = PBXGroup;
			children = (
				1AA3C8B9263AB2980041430A /* Quote.swift */,
			);
			path = Model;
			sourceTree = "<group>";
		};
		1AA3C8B0263AA8220041430A /* Manager */ = {
			isa = PBXGroup;
			children = (
				F583809C2A41DCBE00280B00 /* FavouritesManager */,
				F583809F2A42D44A00280B00 /* DataManager */,
			);
			path = Manager;
			sourceTree = "<group>";
		};
		F583809C2A41DCBE00280B00 /* FavouritesManager */ = {
			isa = PBXGroup;
			children = (
				F58EAD712A41D4FB006B67F3 /* PersistantStorage.swift */,
				F58EAD4A2A41B31A006B67F3 /* FavouritesManager.swift */,
			);
			path = FavouritesManager;
			sourceTree = "<group>";
		};
		F583809F2A42D44A00280B00 /* DataManager */ = {
			isa = PBXGroup;
			children = (
				1AA3C8B1263AA8360041430A /* DataManager.swift */,
				F583809D2A42D44000280B00 /* URLSessionWrappers.swift */,
			);
			path = DataManager;
			sourceTree = "<group>";
		};
		F58EAD692A41D482006B67F3 /* Technical-testTests */ = {
			isa = PBXGroup;
			children = (
				F58380A42A42D9B200280B00 /* DataManagerTests.swift */,
				F58EAD792A41D537006B67F3 /* FavouritesManagerTests.swift */,
				F58EAD762A41D530006B67F3 /* Mocks */,
			);
			path = "Technical-testTests";
			sourceTree = "<group>";
		};
		F58EAD762A41D530006B67F3 /* Mocks */ = {
			isa = PBXGroup;
			children = (
				F58EAD772A41D530006B67F3 /* PesistantStorageMock.swift */,
				F58380A02A42D6D300280B00 /* URLDataTaskMock.swift */,
				F58380A22A42D73700280B00 /* URLSessionMock.swift */,
			);
			path = Mocks;
			sourceTree = "<group>";
		};
/* End PBXGroup section */

/* Begin PBXNativeTarget section */
		1AA3C892263AA2030041430A /* Technical-test */ = {
			isa = PBXNativeTarget;
			buildConfigurationList = 1AA3C8A7263AA2040041430A /* Build configuration list for PBXNativeTarget "Technical-test" */;
			buildPhases = (
				1AA3C88F263AA2030041430A /* Sources */,
				1AA3C890263AA2030041430A /* Frameworks */,
				1AA3C891263AA2030041430A /* Resources */,
			);
			buildRules = (
			);
			dependencies = (
			);
			name = "Technical-test";
			productName = "Technical-test";
			productReference = 1AA3C893263AA2030041430A /* Technical-test.app */;
			productType = "com.apple.product-type.application";
		};
		F58EAD672A41D482006B67F3 /* Technical-testTests */ = {
			isa = PBXNativeTarget;
			buildConfigurationList = F58EAD702A41D482006B67F3 /* Build configuration list for PBXNativeTarget "Technical-testTests" */;
			buildPhases = (
				F58EAD642A41D482006B67F3 /* Sources */,
				F58EAD652A41D482006B67F3 /* Frameworks */,
				F58EAD662A41D482006B67F3 /* Resources */,
			);
			buildRules = (
			);
			dependencies = (
				F58EAD6D2A41D482006B67F3 /* PBXTargetDependency */,
			);
			name = "Technical-testTests";
			productName = "Technical-testTests";
			productReference = F58EAD682A41D482006B67F3 /* Technical-testTests.xctest */;
			productType = "com.apple.product-type.bundle.unit-test";
		};
/* End PBXNativeTarget section */

/* Begin PBXProject section */
		1AA3C88B263AA2030041430A /* Project object */ = {
			isa = PBXProject;
			attributes = {
				LastSwiftUpdateCheck = 1430;
				LastUpgradeCheck = 1240;
				TargetAttributes = {
					1AA3C892263AA2030041430A = {
						CreatedOnToolsVersion = 12.4;
					};
					F58EAD672A41D482006B67F3 = {
						CreatedOnToolsVersion = 14.3.1;
						LastSwiftMigration = 1430;
						TestTargetID = 1AA3C892263AA2030041430A;
					};
				};
			};
			buildConfigurationList = 1AA3C88E263AA2030041430A /* Build configuration list for PBXProject "Technical-test" */;
			compatibilityVersion = "Xcode 9.3";
			developmentRegion = en;
			hasScannedForEncodings = 0;
			knownRegions = (
				en,
				Base,
			);
			mainGroup = 1AA3C88A263AA2030041430A;
			productRefGroup = 1AA3C894263AA2030041430A /* Products */;
			projectDirPath = "";
			projectRoot = "";
			targets = (
				1AA3C892263AA2030041430A /* Technical-test */,
				F58EAD672A41D482006B67F3 /* Technical-testTests */,
			);
		};
/* End PBXProject section */

/* Begin PBXResourcesBuildPhase section */
		1AA3C891263AA2030041430A /* Resources */ = {
			isa = PBXResourcesBuildPhase;
			buildActionMask = 2147483647;
			files = (
				1AA3C8A3263AA2040041430A /* LaunchScreen.storyboard in Resources */,
				1AA3C8A0263AA2040041430A /* Assets.xcassets in Resources */,
			);
			runOnlyForDeploymentPostprocessing = 0;
		};
		F58EAD662A41D482006B67F3 /* Resources */ = {
			isa = PBXResourcesBuildPhase;
			buildActionMask = 2147483647;
			files = (
			);
			runOnlyForDeploymentPostprocessing = 0;
		};
/* End PBXResourcesBuildPhase section */

/* Begin PBXSourcesBuildPhase section */
		1AA3C88F263AA2030041430A /* Sources */ = {
			isa = PBXSourcesBuildPhase;
			buildActionMask = 2147483647;
			files = (
				F58EAD4B2A41B31A006B67F3 /* FavouritesManager.swift in Sources */,
				1AA3C8B6263AB26C0041430A /* QuoteDetailsViewController.swift in Sources */,
				F583809E2A42D44000280B00 /* URLSessionWrappers.swift in Sources */,
				1AA3C89B263AA2030041430A /* QuotesListViewController.swift in Sources */,
				F58EAD492A419CB2006B67F3 /* Assets.swift in Sources */,
				F58EAD722A41D4FB006B67F3 /* PersistantStorage.swift in Sources */,
				1AA3C8B2263AA8360041430A /* DataManager.swift in Sources */,
				1AA3C8BA263AB2980041430A /* Quote.swift in Sources */,
				F58EAD472A419742006B67F3 /* QuoteTableViewCell.swift in Sources */,
				1AA3C897263AA2030041430A /* AppDelegate.swift in Sources */,
			);
			runOnlyForDeploymentPostprocessing = 0;
		};
		F58EAD642A41D482006B67F3 /* Sources */ = {
			isa = PBXSourcesBuildPhase;
			buildActionMask = 2147483647;
			files = (
				F58380A32A42D73700280B00 /* URLSessionMock.swift in Sources */,
				F58EAD782A41D530006B67F3 /* PesistantStorageMock.swift in Sources */,
				F58380A52A42D9B200280B00 /* DataManagerTests.swift in Sources */,
				F58EAD7A2A41D537006B67F3 /* FavouritesManagerTests.swift in Sources */,
				F58380A12A42D6D300280B00 /* URLDataTaskMock.swift in Sources */,
			);
			runOnlyForDeploymentPostprocessing = 0;
		};
/* End PBXSourcesBuildPhase section */

/* Begin PBXTargetDependency section */
		F58EAD6D2A41D482006B67F3 /* PBXTargetDependency */ = {
			isa = PBXTargetDependency;
			target = 1AA3C892263AA2030041430A /* Technical-test */;
			targetProxy = F58EAD6C2A41D482006B67F3 /* PBXContainerItemProxy */;
		};
/* End PBXTargetDependency section */

/* Begin PBXVariantGroup section */
		1AA3C8A1263AA2040041430A /* LaunchScreen.storyboard */ = {
			isa = PBXVariantGroup;
			children = (
				1AA3C8A2263AA2040041430A /* Base */,
			);
			name = LaunchScreen.storyboard;
			sourceTree = "<group>";
		};
/* End PBXVariantGroup section */

/* Begin XCBuildConfiguration section */
		1AA3C8A5263AA2040041430A /* Debug */ = {
			isa = XCBuildConfiguration;
			buildSettings = {
				ALWAYS_SEARCH_USER_PATHS = NO;
				CLANG_ANALYZER_NONNULL = YES;
				CLANG_ANALYZER_NUMBER_OBJECT_CONVERSION = YES_AGGRESSIVE;
				CLANG_CXX_LANGUAGE_STANDARD = "gnu++14";
				CLANG_CXX_LIBRARY = "libc++";
				CLANG_ENABLE_MODULES = YES;
				CLANG_ENABLE_OBJC_ARC = YES;
				CLANG_ENABLE_OBJC_WEAK = YES;
				CLANG_WARN_BLOCK_CAPTURE_AUTORELEASING = YES;
				CLANG_WARN_BOOL_CONVERSION = YES;
				CLANG_WARN_COMMA = YES;
				CLANG_WARN_CONSTANT_CONVERSION = YES;
				CLANG_WARN_DEPRECATED_OBJC_IMPLEMENTATIONS = YES;
				CLANG_WARN_DIRECT_OBJC_ISA_USAGE = YES_ERROR;
				CLANG_WARN_DOCUMENTATION_COMMENTS = YES;
				CLANG_WARN_EMPTY_BODY = YES;
				CLANG_WARN_ENUM_CONVERSION = YES;
				CLANG_WARN_INFINITE_RECURSION = YES;
				CLANG_WARN_INT_CONVERSION = YES;
				CLANG_WARN_NON_LITERAL_NULL_CONVERSION = YES;
				CLANG_WARN_OBJC_IMPLICIT_RETAIN_SELF = YES;
				CLANG_WARN_OBJC_LITERAL_CONVERSION = YES;
				CLANG_WARN_OBJC_ROOT_CLASS = YES_ERROR;
				CLANG_WARN_QUOTED_INCLUDE_IN_FRAMEWORK_HEADER = YES;
				CLANG_WARN_RANGE_LOOP_ANALYSIS = YES;
				CLANG_WARN_STRICT_PROTOTYPES = YES;
				CLANG_WARN_SUSPICIOUS_MOVE = YES;
				CLANG_WARN_UNGUARDED_AVAILABILITY = YES_AGGRESSIVE;
				CLANG_WARN_UNREACHABLE_CODE = YES;
				CLANG_WARN__DUPLICATE_METHOD_MATCH = YES;
				COPY_PHASE_STRIP = NO;
				DEBUG_INFORMATION_FORMAT = dwarf;
				ENABLE_STRICT_OBJC_MSGSEND = YES;
				ENABLE_TESTABILITY = YES;
				GCC_C_LANGUAGE_STANDARD = gnu11;
				GCC_DYNAMIC_NO_PIC = NO;
				GCC_NO_COMMON_BLOCKS = YES;
				GCC_OPTIMIZATION_LEVEL = 0;
				GCC_PREPROCESSOR_DEFINITIONS = (
					"DEBUG=1",
					"$(inherited)",
				);
				GCC_WARN_64_TO_32_BIT_CONVERSION = YES;
				GCC_WARN_ABOUT_RETURN_TYPE = YES_ERROR;
				GCC_WARN_UNDECLARED_SELECTOR = YES;
				GCC_WARN_UNINITIALIZED_AUTOS = YES_AGGRESSIVE;
				GCC_WARN_UNUSED_FUNCTION = YES;
				GCC_WARN_UNUSED_VARIABLE = YES;
				IPHONEOS_DEPLOYMENT_TARGET = 14.4;
				MTL_ENABLE_DEBUG_INFO = INCLUDE_SOURCE;
				MTL_FAST_MATH = YES;
				ONLY_ACTIVE_ARCH = YES;
				SDKROOT = iphoneos;
				SWIFT_ACTIVE_COMPILATION_CONDITIONS = DEBUG;
				SWIFT_OPTIMIZATION_LEVEL = "-Onone";
			};
			name = Debug;
		};
		1AA3C8A6263AA2040041430A /* Release */ = {
			isa = XCBuildConfiguration;
			buildSettings = {
				ALWAYS_SEARCH_USER_PATHS = NO;
				CLANG_ANALYZER_NONNULL = YES;
				CLANG_ANALYZER_NUMBER_OBJECT_CONVERSION = YES_AGGRESSIVE;
				CLANG_CXX_LANGUAGE_STANDARD = "gnu++14";
				CLANG_CXX_LIBRARY = "libc++";
				CLANG_ENABLE_MODULES = YES;
				CLANG_ENABLE_OBJC_ARC = YES;
				CLANG_ENABLE_OBJC_WEAK = YES;
				CLANG_WARN_BLOCK_CAPTURE_AUTORELEASING = YES;
				CLANG_WARN_BOOL_CONVERSION = YES;
				CLANG_WARN_COMMA = YES;
				CLANG_WARN_CONSTANT_CONVERSION = YES;
				CLANG_WARN_DEPRECATED_OBJC_IMPLEMENTATIONS = YES;
				CLANG_WARN_DIRECT_OBJC_ISA_USAGE = YES_ERROR;
				CLANG_WARN_DOCUMENTATION_COMMENTS = YES;
				CLANG_WARN_EMPTY_BODY = YES;
				CLANG_WARN_ENUM_CONVERSION = YES;
				CLANG_WARN_INFINITE_RECURSION = YES;
				CLANG_WARN_INT_CONVERSION = YES;
				CLANG_WARN_NON_LITERAL_NULL_CONVERSION = YES;
				CLANG_WARN_OBJC_IMPLICIT_RETAIN_SELF = YES;
				CLANG_WARN_OBJC_LITERAL_CONVERSION = YES;
				CLANG_WARN_OBJC_ROOT_CLASS = YES_ERROR;
				CLANG_WARN_QUOTED_INCLUDE_IN_FRAMEWORK_HEADER = YES;
				CLANG_WARN_RANGE_LOOP_ANALYSIS = YES;
				CLANG_WARN_STRICT_PROTOTYPES = YES;
				CLANG_WARN_SUSPICIOUS_MOVE = YES;
				CLANG_WARN_UNGUARDED_AVAILABILITY = YES_AGGRESSIVE;
				CLANG_WARN_UNREACHABLE_CODE = YES;
				CLANG_WARN__DUPLICATE_METHOD_MATCH = YES;
				COPY_PHASE_STRIP = NO;
				DEBUG_INFORMATION_FORMAT = "dwarf-with-dsym";
				ENABLE_NS_ASSERTIONS = NO;
				ENABLE_STRICT_OBJC_MSGSEND = YES;
				GCC_C_LANGUAGE_STANDARD = gnu11;
				GCC_NO_COMMON_BLOCKS = YES;
				GCC_WARN_64_TO_32_BIT_CONVERSION = YES;
				GCC_WARN_ABOUT_RETURN_TYPE = YES_ERROR;
				GCC_WARN_UNDECLARED_SELECTOR = YES;
				GCC_WARN_UNINITIALIZED_AUTOS = YES_AGGRESSIVE;
				GCC_WARN_UNUSED_FUNCTION = YES;
				GCC_WARN_UNUSED_VARIABLE = YES;
				IPHONEOS_DEPLOYMENT_TARGET = 14.4;
				MTL_ENABLE_DEBUG_INFO = NO;
				MTL_FAST_MATH = YES;
				SDKROOT = iphoneos;
				SWIFT_COMPILATION_MODE = wholemodule;
				SWIFT_OPTIMIZATION_LEVEL = "-O";
				VALIDATE_PRODUCT = YES;
			};
			name = Release;
		};
		1AA3C8A8263AA2040041430A /* Debug */ = {
			isa = XCBuildConfiguration;
			buildSettings = {
				ASSETCATALOG_COMPILER_APPICON_NAME = AppIcon;
				ASSETCATALOG_COMPILER_GLOBAL_ACCENT_COLOR_NAME = AccentColor;
				CODE_SIGN_STYLE = Automatic;
				DEVELOPMENT_TEAM = 36C3524M7W;
				INFOPLIST_FILE = "Technical-test/Info.plist";
				LD_RUNPATH_SEARCH_PATHS = (
					"$(inherited)",
					"@executable_path/Frameworks",
				);
				PRODUCT_BUNDLE_IDENTIFIER = "ch.swissquote.Technical-test";
				PRODUCT_NAME = "$(TARGET_NAME)";
				SWIFT_VERSION = 5.0;
				TARGETED_DEVICE_FAMILY = 1;
			};
			name = Debug;
		};
		1AA3C8A9263AA2040041430A /* Release */ = {
			isa = XCBuildConfiguration;
			buildSettings = {
				ASSETCATALOG_COMPILER_APPICON_NAME = AppIcon;
				ASSETCATALOG_COMPILER_GLOBAL_ACCENT_COLOR_NAME = AccentColor;
				CODE_SIGN_STYLE = Automatic;
				DEVELOPMENT_TEAM = 36C3524M7W;
				INFOPLIST_FILE = "Technical-test/Info.plist";
				LD_RUNPATH_SEARCH_PATHS = (
					"$(inherited)",
					"@executable_path/Frameworks",
				);
				PRODUCT_BUNDLE_IDENTIFIER = "ch.swissquote.Technical-test";
				PRODUCT_NAME = "$(TARGET_NAME)";
				SWIFT_VERSION = 5.0;
				TARGETED_DEVICE_FAMILY = 1;
			};
			name = Release;
		};
		F58EAD6E2A41D482006B67F3 /* Debug */ = {
			isa = XCBuildConfiguration;
			buildSettings = {
				BUNDLE_LOADER = "$(TEST_HOST)";
				CLANG_CXX_LANGUAGE_STANDARD = "gnu++20";
				CLANG_ENABLE_MODULES = YES;
				CODE_SIGN_STYLE = Automatic;
				CURRENT_PROJECT_VERSION = 1;
				DEVELOPMENT_TEAM = VS48FF934S;
				GENERATE_INFOPLIST_FILE = YES;
				IPHONEOS_DEPLOYMENT_TARGET = 16.4;
				MARKETING_VERSION = 1.0;
				PRODUCT_BUNDLE_IDENTIFIER = "com.vpoznyak.Technical-testTests";
				PRODUCT_NAME = "$(TARGET_NAME)";
				SWIFT_EMIT_LOC_STRINGS = NO;
				SWIFT_OPTIMIZATION_LEVEL = "-Onone";
				SWIFT_VERSION = 5.0;
				TARGETED_DEVICE_FAMILY = "1,2";
				TEST_HOST = "$(BUILT_PRODUCTS_DIR)/Technical-test.app/$(BUNDLE_EXECUTABLE_FOLDER_PATH)/Technical-test";
			};
			name = Debug;
		};
		F58EAD6F2A41D482006B67F3 /* Release */ = {
			isa = XCBuildConfiguration;
			buildSettings = {
				BUNDLE_LOADER = "$(TEST_HOST)";
				CLANG_CXX_LANGUAGE_STANDARD = "gnu++20";
				CLANG_ENABLE_MODULES = YES;
				CODE_SIGN_STYLE = Automatic;
				CURRENT_PROJECT_VERSION = 1;
				DEVELOPMENT_TEAM = VS48FF934S;
				GENERATE_INFOPLIST_FILE = YES;
				IPHONEOS_DEPLOYMENT_TARGET = 16.4;
				MARKETING_VERSION = 1.0;
				PRODUCT_BUNDLE_IDENTIFIER = "com.vpoznyak.Technical-testTests";
				PRODUCT_NAME = "$(TARGET_NAME)";
				SWIFT_EMIT_LOC_STRINGS = NO;
				SWIFT_VERSION = 5.0;
				TARGETED_DEVICE_FAMILY = "1,2";
				TEST_HOST = "$(BUILT_PRODUCTS_DIR)/Technical-test.app/$(BUNDLE_EXECUTABLE_FOLDER_PATH)/Technical-test";
			};
			name = Release;
		};
/* End XCBuildConfiguration section */

/* Begin XCConfigurationList section */
		1AA3C88E263AA2030041430A /* Build configuration list for PBXProject "Technical-test" */ = {
			isa = XCConfigurationList;
			buildConfigurations = (
				1AA3C8A5263AA2040041430A /* Debug */,
				1AA3C8A6263AA2040041430A /* Release */,
			);
			defaultConfigurationIsVisible = 0;
			defaultConfigurationName = Release;
		};
		1AA3C8A7263AA2040041430A /* Build configuration list for PBXNativeTarget "Technical-test" */ = {
			isa = XCConfigurationList;
			buildConfigurations = (
				1AA3C8A8263AA2040041430A /* Debug */,
				1AA3C8A9263AA2040041430A /* Release */,
			);
			defaultConfigurationIsVisible = 0;
			defaultConfigurationName = Release;
		};
		F58EAD702A41D482006B67F3 /* Build configuration list for PBXNativeTarget "Technical-testTests" */ = {
			isa = XCConfigurationList;
			buildConfigurations = (
				F58EAD6E2A41D482006B67F3 /* Debug */,
				F58EAD6F2A41D482006B67F3 /* Release */,
			);
			defaultConfigurationIsVisible = 0;
			defaultConfigurationName = Release;
		};
/* End XCConfigurationList section */
	};
	rootObject = 1AA3C88B263AA2030041430A /* Project object */;
}
